// !$*UTF8*$!
{
	archiveVersion = 1;
	classes = {
	};
	objectVersion = 56;
	objects = {

/* Begin PBXBuildFile section */
		3E3DC3932B2997C9009908FD /* main.swift in Sources */ = {isa = PBXBuildFile; fileRef = 3E3DC3922B2997C9009908FD /* main.swift */; };
		3E3DC39B2B2997E7009908FD /* _2697LexicographicallySmallestPalindrome.swift in Sources */ = {isa = PBXBuildFile; fileRef = 3E3DC39A2B2997E7009908FD /* _2697LexicographicallySmallestPalindrome.swift */; };
		3E3DC39D2B29A1AC009908FD /* _1TwoSum.swift in Sources */ = {isa = PBXBuildFile; fileRef = 3E3DC39C2B29A1AC009908FD /* _1TwoSum.swift */; };
		3E3DC3A12B29B020009908FD /* _2AddTwoNumbers.swift in Sources */ = {isa = PBXBuildFile; fileRef = 3E3DC3A02B29B020009908FD /* _2AddTwoNumbers.swift */; };
		3E3DC3A32B29B080009908FD /* ListNode.swift in Sources */ = {isa = PBXBuildFile; fileRef = 3E3DC3A22B29B080009908FD /* ListNode.swift */; };
		3E3DC3A52B29BECE009908FD /* _3LongestSubstringWithoutRepeatingCharacters.swift in Sources */ = {isa = PBXBuildFile; fileRef = 3E3DC3A42B29BECE009908FD /* _3LongestSubstringWithoutRepeatingCharacters.swift */; };
		3ECF2FF32B2C31A500B15EF1 /* TreeNode.swift in Sources */ = {isa = PBXBuildFile; fileRef = 3ECF2FF22B2C31A500B15EF1 /* TreeNode.swift */; };
		3ECF2FF52B2C31F700B15EF1 /* _2415ReverseOddLevelsOfBinaryTree.swift in Sources */ = {isa = PBXBuildFile; fileRef = 3ECF2FF42B2C31F700B15EF1 /* _2415ReverseOddLevelsOfBinaryTree.swift */; };
		3ECF2FF72B2C569C00B15EF1 /* _5LongestPalindromicSubstring.swift in Sources */ = {isa = PBXBuildFile; fileRef = 3ECF2FF62B2C569C00B15EF1 /* _5LongestPalindromicSubstring.swift */; };
		3ECF2FF92B2FFA2900B15EF1 /* _162FindPeakElement.swift in Sources */ = {isa = PBXBuildFile; fileRef = 3ECF2FF82B2FFA2900B15EF1 /* _162FindPeakElement.swift */; };
		3ECF2FFB2B329E3E00B15EF1 /* _2828CheckIfAStringIsAnAcronymOfWords.swift in Sources */ = {isa = PBXBuildFile; fileRef = 3ECF2FFA2B329E3D00B15EF1 /* _2828CheckIfAStringIsAnAcronymOfWords.swift */; };
		3ECF2FFE2B39895C00B15EF1 /* _1276NumberOfBurgersWithNoWasteOfIngredients.swift in Sources */ = {isa = PBXBuildFile; fileRef = 3ECF2FFD2B39895B00B15EF1 /* _1276NumberOfBurgersWithNoWasteOfIngredients.swift */; };
		3ECF30022B490A5600B15EF1 /* _2807InsertGreatestCommonDivisorsInLinkedList.swift in Sources */ = {isa = PBXBuildFile; fileRef = 3ECF30012B490A5600B15EF1 /* _2807InsertGreatestCommonDivisorsInLinkedList.swift */; };
/* End PBXBuildFile section */

/* Begin PBXCopyFilesBuildPhase section */
		3E3DC38D2B2997C9009908FD /* CopyFiles */ = {
			isa = PBXCopyFilesBuildPhase;
			buildActionMask = 2147483647;
			dstPath = /usr/share/man/man1/;
			dstSubfolderSpec = 0;
			files = (
			);
			runOnlyForDeploymentPostprocessing = 1;
		};
/* End PBXCopyFilesBuildPhase section */

/* Begin PBXFileReference section */
		3E3DC38F2B2997C9009908FD /* AlgorithmsSwift */ = {isa = PBXFileReference; explicitFileType = "compiled.mach-o.executable"; includeInIndex = 0; path = AlgorithmsSwift; sourceTree = BUILT_PRODUCTS_DIR; };
		3E3DC3922B2997C9009908FD /* main.swift */ = {isa = PBXFileReference; lastKnownFileType = sourcecode.swift; path = main.swift; sourceTree = "<group>"; };
		3E3DC39A2B2997E7009908FD /* _2697LexicographicallySmallestPalindrome.swift */ = {isa = PBXFileReference; lastKnownFileType = sourcecode.swift; path = _2697LexicographicallySmallestPalindrome.swift; sourceTree = "<group>"; };
		3E3DC39C2B29A1AC009908FD /* _1TwoSum.swift */ = {isa = PBXFileReference; lastKnownFileType = sourcecode.swift; path = _1TwoSum.swift; sourceTree = "<group>"; };
		3E3DC3A02B29B020009908FD /* _2AddTwoNumbers.swift */ = {isa = PBXFileReference; lastKnownFileType = sourcecode.swift; path = _2AddTwoNumbers.swift; sourceTree = "<group>"; };
		3E3DC3A22B29B080009908FD /* ListNode.swift */ = {isa = PBXFileReference; lastKnownFileType = sourcecode.swift; path = ListNode.swift; sourceTree = "<group>"; };
		3E3DC3A42B29BECE009908FD /* _3LongestSubstringWithoutRepeatingCharacters.swift */ = {isa = PBXFileReference; lastKnownFileType = sourcecode.swift; path = _3LongestSubstringWithoutRepeatingCharacters.swift; sourceTree = "<group>"; };
		3ECF2FF22B2C31A500B15EF1 /* TreeNode.swift */ = {isa = PBXFileReference; lastKnownFileType = sourcecode.swift; path = TreeNode.swift; sourceTree = "<group>"; };
		3ECF2FF42B2C31F700B15EF1 /* _2415ReverseOddLevelsOfBinaryTree.swift */ = {isa = PBXFileReference; lastKnownFileType = sourcecode.swift; path = _2415ReverseOddLevelsOfBinaryTree.swift; sourceTree = "<group>"; };
		3ECF2FF62B2C569C00B15EF1 /* _5LongestPalindromicSubstring.swift */ = {isa = PBXFileReference; lastKnownFileType = sourcecode.swift; path = _5LongestPalindromicSubstring.swift; sourceTree = "<group>"; };
		3ECF2FF82B2FFA2900B15EF1 /* _162FindPeakElement.swift */ = {isa = PBXFileReference; lastKnownFileType = sourcecode.swift; path = _162FindPeakElement.swift; sourceTree = "<group>"; };
		3ECF2FFA2B329E3D00B15EF1 /* _2828CheckIfAStringIsAnAcronymOfWords.swift */ = {isa = PBXFileReference; lastKnownFileType = sourcecode.swift; path = _2828CheckIfAStringIsAnAcronymOfWords.swift; sourceTree = "<group>"; };
		3ECF2FFD2B39895B00B15EF1 /* _1276NumberOfBurgersWithNoWasteOfIngredients.swift */ = {isa = PBXFileReference; lastKnownFileType = sourcecode.swift; path = _1276NumberOfBurgersWithNoWasteOfIngredients.swift; sourceTree = "<group>"; };
		3ECF30012B490A5600B15EF1 /* _2807InsertGreatestCommonDivisorsInLinkedList.swift */ = {isa = PBXFileReference; lastKnownFileType = sourcecode.swift; path = _2807InsertGreatestCommonDivisorsInLinkedList.swift; sourceTree = "<group>"; };
/* End PBXFileReference section */

/* Begin PBXFrameworksBuildPhase section */
		3E3DC38C2B2997C9009908FD /* Frameworks */ = {
			isa = PBXFrameworksBuildPhase;
			buildActionMask = 2147483647;
			files = (
			);
			runOnlyForDeploymentPostprocessing = 0;
		};
/* End PBXFrameworksBuildPhase section */

/* Begin PBXGroup section */
		3E3DC3862B2997C9009908FD = {
			isa = PBXGroup;
			children = (
				3E3DC3912B2997C9009908FD /* AlgorithmsSwift */,
				3E3DC3902B2997C9009908FD /* Products */,
			);
			sourceTree = "<group>";
		};
		3E3DC3902B2997C9009908FD /* Products */ = {
			isa = PBXGroup;
			children = (
				3E3DC38F2B2997C9009908FD /* AlgorithmsSwift */,
			);
			name = Products;
			sourceTree = "<group>";
		};
		3E3DC3912B2997C9009908FD /* AlgorithmsSwift */ = {
			isa = PBXGroup;
			children = (
				3E3DC39E2B29AFF8009908FD /* medium */,
				3E3DC3992B2997D3009908FD /* easy */,
				3E3DC3922B2997C9009908FD /* main.swift */,
				3E3DC3A22B29B080009908FD /* ListNode.swift */,
				3ECF2FF22B2C31A500B15EF1 /* TreeNode.swift */,
			);
			path = AlgorithmsSwift;
			sourceTree = "<group>";
		};
		3E3DC3992B2997D3009908FD /* easy */ = {
			isa = PBXGroup;
			children = (
				3E3DC39A2B2997E7009908FD /* _2697LexicographicallySmallestPalindrome.swift */,
				3ECF2FFA2B329E3D00B15EF1 /* _2828CheckIfAStringIsAnAcronymOfWords.swift */,
				3E3DC39C2B29A1AC009908FD /* _1TwoSum.swift */,
			);
			path = easy;
			sourceTree = "<group>";
		};
		3E3DC39E2B29AFF8009908FD /* medium */ = {
			isa = PBXGroup;
			children = (
				3E3DC3A02B29B020009908FD /* _2AddTwoNumbers.swift */,
				3E3DC3A42B29BECE009908FD /* _3LongestSubstringWithoutRepeatingCharacters.swift */,
				3ECF2FF42B2C31F700B15EF1 /* _2415ReverseOddLevelsOfBinaryTree.swift */,
				3ECF30012B490A5600B15EF1 /* _2807InsertGreatestCommonDivisorsInLinkedList.swift */,
				3ECF2FF62B2C569C00B15EF1 /* _5LongestPalindromicSubstring.swift */,
				3ECF2FF82B2FFA2900B15EF1 /* _162FindPeakElement.swift */,
				3ECF2FFD2B39895B00B15EF1 /* _1276NumberOfBurgersWithNoWasteOfIngredients.swift */,
			);
			path = medium;
			sourceTree = "<group>";
		};
/* End PBXGroup section */

/* Begin PBXNativeTarget section */
		3E3DC38E2B2997C9009908FD /* AlgorithmsSwift */ = {
			isa = PBXNativeTarget;
			buildConfigurationList = 3E3DC3962B2997C9009908FD /* Build configuration list for PBXNativeTarget "AlgorithmsSwift" */;
			buildPhases = (
				3E3DC38B2B2997C9009908FD /* Sources */,
				3E3DC38C2B2997C9009908FD /* Frameworks */,
				3E3DC38D2B2997C9009908FD /* CopyFiles */,
			);
			buildRules = (
			);
			dependencies = (
			);
			name = AlgorithmsSwift;
			productName = AlgorithmsSwift;
			productReference = 3E3DC38F2B2997C9009908FD /* AlgorithmsSwift */;
			productType = "com.apple.product-type.tool";
		};
/* End PBXNativeTarget section */

/* Begin PBXProject section */
		3E3DC3872B2997C9009908FD /* Project object */ = {
			isa = PBXProject;
			attributes = {
				BuildIndependentTargetsInParallel = 1;
				LastSwiftUpdateCheck = 1500;
				LastUpgradeCheck = 1500;
				TargetAttributes = {
					3E3DC38E2B2997C9009908FD = {
						CreatedOnToolsVersion = 15.0.1;
					};
				};
			};
			buildConfigurationList = 3E3DC38A2B2997C9009908FD /* Build configuration list for PBXProject "AlgorithmsSwift" */;
			compatibilityVersion = "Xcode 14.0";
			developmentRegion = en;
			hasScannedForEncodings = 0;
			knownRegions = (
				en,
				Base,
			);
			mainGroup = 3E3DC3862B2997C9009908FD;
			productRefGroup = 3E3DC3902B2997C9009908FD /* Products */;
			projectDirPath = "";
			projectRoot = "";
			targets = (
				3E3DC38E2B2997C9009908FD /* AlgorithmsSwift */,
			);
		};
/* End PBXProject section */

/* Begin PBXSourcesBuildPhase section */
		3E3DC38B2B2997C9009908FD /* Sources */ = {
			isa = PBXSourcesBuildPhase;
			buildActionMask = 2147483647;
			files = (
				3ECF2FF92B2FFA2900B15EF1 /* _162FindPeakElement.swift in Sources */,
				3ECF2FF32B2C31A500B15EF1 /* TreeNode.swift in Sources */,
				3ECF2FFB2B329E3E00B15EF1 /* _2828CheckIfAStringIsAnAcronymOfWords.swift in Sources */,
				3E3DC3A12B29B020009908FD /* _2AddTwoNumbers.swift in Sources */,
				3E3DC3A32B29B080009908FD /* ListNode.swift in Sources */,
				3ECF30022B490A5600B15EF1 /* _2807InsertGreatestCommonDivisorsInLinkedList.swift in Sources */,
				3E3DC39B2B2997E7009908FD /* _2697LexicographicallySmallestPalindrome.swift in Sources */,
				3ECF2FFE2B39895C00B15EF1 /* _1276NumberOfBurgersWithNoWasteOfIngredients.swift in Sources */,
				3E3DC3A52B29BECE009908FD /* _3LongestSubstringWithoutRepeatingCharacters.swift in Sources */,
				3ECF2FF52B2C31F700B15EF1 /* _2415ReverseOddLevelsOfBinaryTree.swift in Sources */,
				3E3DC39D2B29A1AC009908FD /* _1TwoSum.swift in Sources */,
				3E3DC3932B2997C9009908FD /* main.swift in Sources */,
				3ECF2FF72B2C569C00B15EF1 /* _5LongestPalindromicSubstring.swift in Sources */,
			);
			runOnlyForDeploymentPostprocessing = 0;
		};
/* End PBXSourcesBuildPhase section */

/* Begin XCBuildConfiguration section */
		3E3DC3942B2997C9009908FD /* Debug */ = {
			isa = XCBuildConfiguration;
			buildSettings = {
				ALWAYS_SEARCH_USER_PATHS = NO;
				ASSETCATALOG_COMPILER_GENERATE_SWIFT_ASSET_SYMBOL_EXTENSIONS = YES;
				CLANG_ANALYZER_NONNULL = YES;
				CLANG_ANALYZER_NUMBER_OBJECT_CONVERSION = YES_AGGRESSIVE;
				CLANG_CXX_LANGUAGE_STANDARD = "gnu++20";
				CLANG_ENABLE_MODULES = YES;
				CLANG_ENABLE_OBJC_ARC = YES;
				CLANG_ENABLE_OBJC_WEAK = YES;
				CLANG_WARN_BLOCK_CAPTURE_AUTORELEASING = YES;
				CLANG_WARN_BOOL_CONVERSION = YES;
				CLANG_WARN_COMMA = YES;
				CLANG_WARN_CONSTANT_CONVERSION = YES;
				CLANG_WARN_DEPRECATED_OBJC_IMPLEMENTATIONS = YES;
				CLANG_WARN_DIRECT_OBJC_ISA_USAGE = YES_ERROR;
				CLANG_WARN_DOCUMENTATION_COMMENTS = YES;
				CLANG_WARN_EMPTY_BODY = YES;
				CLANG_WARN_ENUM_CONVERSION = YES;
				CLANG_WARN_INFINITE_RECURSION = YES;
				CLANG_WARN_INT_CONVERSION = YES;
				CLANG_WARN_NON_LITERAL_NULL_CONVERSION = YES;
				CLANG_WARN_OBJC_IMPLICIT_RETAIN_SELF = YES;
				CLANG_WARN_OBJC_LITERAL_CONVERSION = YES;
				CLANG_WARN_OBJC_ROOT_CLASS = YES_ERROR;
				CLANG_WARN_QUOTED_INCLUDE_IN_FRAMEWORK_HEADER = YES;
				CLANG_WARN_RANGE_LOOP_ANALYSIS = YES;
				CLANG_WARN_STRICT_PROTOTYPES = YES;
				CLANG_WARN_SUSPICIOUS_MOVE = YES;
				CLANG_WARN_UNGUARDED_AVAILABILITY = YES_AGGRESSIVE;
				CLANG_WARN_UNREACHABLE_CODE = YES;
				CLANG_WARN__DUPLICATE_METHOD_MATCH = YES;
				COPY_PHASE_STRIP = NO;
				DEBUG_INFORMATION_FORMAT = dwarf;
				ENABLE_STRICT_OBJC_MSGSEND = YES;
				ENABLE_TESTABILITY = YES;
				ENABLE_USER_SCRIPT_SANDBOXING = YES;
				GCC_C_LANGUAGE_STANDARD = gnu17;
				GCC_DYNAMIC_NO_PIC = NO;
				GCC_NO_COMMON_BLOCKS = YES;
				GCC_OPTIMIZATION_LEVEL = 0;
				GCC_PREPROCESSOR_DEFINITIONS = (
					"DEBUG=1",
					"$(inherited)",
				);
				GCC_WARN_64_TO_32_BIT_CONVERSION = YES;
				GCC_WARN_ABOUT_RETURN_TYPE = YES_ERROR;
				GCC_WARN_UNDECLARED_SELECTOR = YES;
				GCC_WARN_UNINITIALIZED_AUTOS = YES_AGGRESSIVE;
				GCC_WARN_UNUSED_FUNCTION = YES;
				GCC_WARN_UNUSED_VARIABLE = YES;
				LOCALIZATION_PREFERS_STRING_CATALOGS = YES;
				MACOSX_DEPLOYMENT_TARGET = 14.0;
				MTL_ENABLE_DEBUG_INFO = INCLUDE_SOURCE;
				MTL_FAST_MATH = YES;
				ONLY_ACTIVE_ARCH = YES;
				SDKROOT = macosx;
				SWIFT_ACTIVE_COMPILATION_CONDITIONS = "DEBUG $(inherited)";
				SWIFT_OPTIMIZATION_LEVEL = "-Onone";
			};
			name = Debug;
		};
		3E3DC3952B2997C9009908FD /* Release */ = {
			isa = XCBuildConfiguration;
			buildSettings = {
				ALWAYS_SEARCH_USER_PATHS = NO;
				ASSETCATALOG_COMPILER_GENERATE_SWIFT_ASSET_SYMBOL_EXTENSIONS = YES;
				CLANG_ANALYZER_NONNULL = YES;
				CLANG_ANALYZER_NUMBER_OBJECT_CONVERSION = YES_AGGRESSIVE;
				CLANG_CXX_LANGUAGE_STANDARD = "gnu++20";
				CLANG_ENABLE_MODULES = YES;
				CLANG_ENABLE_OBJC_ARC = YES;
				CLANG_ENABLE_OBJC_WEAK = YES;
				CLANG_WARN_BLOCK_CAPTURE_AUTORELEASING = YES;
				CLANG_WARN_BOOL_CONVERSION = YES;
				CLANG_WARN_COMMA = YES;
				CLANG_WARN_CONSTANT_CONVERSION = YES;
				CLANG_WARN_DEPRECATED_OBJC_IMPLEMENTATIONS = YES;
				CLANG_WARN_DIRECT_OBJC_ISA_USAGE = YES_ERROR;
				CLANG_WARN_DOCUMENTATION_COMMENTS = YES;
				CLANG_WARN_EMPTY_BODY = YES;
				CLANG_WARN_ENUM_CONVERSION = YES;
				CLANG_WARN_INFINITE_RECURSION = YES;
				CLANG_WARN_INT_CONVERSION = YES;
				CLANG_WARN_NON_LITERAL_NULL_CONVERSION = YES;
				CLANG_WARN_OBJC_IMPLICIT_RETAIN_SELF = YES;
				CLANG_WARN_OBJC_LITERAL_CONVERSION = YES;
				CLANG_WARN_OBJC_ROOT_CLASS = YES_ERROR;
				CLANG_WARN_QUOTED_INCLUDE_IN_FRAMEWORK_HEADER = YES;
				CLANG_WARN_RANGE_LOOP_ANALYSIS = YES;
				CLANG_WARN_STRICT_PROTOTYPES = YES;
				CLANG_WARN_SUSPICIOUS_MOVE = YES;
				CLANG_WARN_UNGUARDED_AVAILABILITY = YES_AGGRESSIVE;
				CLANG_WARN_UNREACHABLE_CODE = YES;
				CLANG_WARN__DUPLICATE_METHOD_MATCH = YES;
				COPY_PHASE_STRIP = NO;
				DEBUG_INFORMATION_FORMAT = "dwarf-with-dsym";
				ENABLE_NS_ASSERTIONS = NO;
				ENABLE_STRICT_OBJC_MSGSEND = YES;
				ENABLE_USER_SCRIPT_SANDBOXING = YES;
				GCC_C_LANGUAGE_STANDARD = gnu17;
				GCC_NO_COMMON_BLOCKS = YES;
				GCC_WARN_64_TO_32_BIT_CONVERSION = YES;
				GCC_WARN_ABOUT_RETURN_TYPE = YES_ERROR;
				GCC_WARN_UNDECLARED_SELECTOR = YES;
				GCC_WARN_UNINITIALIZED_AUTOS = YES_AGGRESSIVE;
				GCC_WARN_UNUSED_FUNCTION = YES;
				GCC_WARN_UNUSED_VARIABLE = YES;
				LOCALIZATION_PREFERS_STRING_CATALOGS = YES;
				MACOSX_DEPLOYMENT_TARGET = 14.0;
				MTL_ENABLE_DEBUG_INFO = NO;
				MTL_FAST_MATH = YES;
				SDKROOT = macosx;
				SWIFT_COMPILATION_MODE = wholemodule;
			};
			name = Release;
		};
		3E3DC3972B2997C9009908FD /* Debug */ = {
			isa = XCBuildConfiguration;
			buildSettings = {
				CODE_SIGN_STYLE = Automatic;
				DEVELOPMENT_TEAM = 6N4T9J8B2S;
				ENABLE_HARDENED_RUNTIME = YES;
				PRODUCT_NAME = "$(TARGET_NAME)";
				SWIFT_VERSION = 5.0;
			};
			name = Debug;
		};
		3E3DC3982B2997C9009908FD /* Release */ = {
			isa = XCBuildConfiguration;
			buildSettings = {
				CODE_SIGN_STYLE = Automatic;
				DEVELOPMENT_TEAM = 6N4T9J8B2S;
				ENABLE_HARDENED_RUNTIME = YES;
				PRODUCT_NAME = "$(TARGET_NAME)";
				SWIFT_VERSION = 5.0;
			};
			name = Release;
		};
/* End XCBuildConfiguration section */

/* Begin XCConfigurationList section */
		3E3DC38A2B2997C9009908FD /* Build configuration list for PBXProject "AlgorithmsSwift" */ = {
			isa = XCConfigurationList;
			buildConfigurations = (
				3E3DC3942B2997C9009908FD /* Debug */,
				3E3DC3952B2997C9009908FD /* Release */,
			);
			defaultConfigurationIsVisible = 0;
			defaultConfigurationName = Release;
		};
		3E3DC3962B2997C9009908FD /* Build configuration list for PBXNativeTarget "AlgorithmsSwift" */ = {
			isa = XCConfigurationList;
			buildConfigurations = (
				3E3DC3972B2997C9009908FD /* Debug */,
				3E3DC3982B2997C9009908FD /* Release */,
			);
			defaultConfigurationIsVisible = 0;
			defaultConfigurationName = Release;
		};
/* End XCConfigurationList section */
	};
	rootObject = 3E3DC3872B2997C9009908FD /* Project object */;
}
